// !$*UTF8*$!
{
	archiveVersion = 1;
	classes = {
	};
	objectVersion = 50;
	objects = {

/* Begin PBXBuildFile section */
		8409965A22311FEA00B22856 /* AppDelegate.swift in Sources */ = {isa = PBXBuildFile; fileRef = 8409965922311FEA00B22856 /* AppDelegate.swift */; };
		8409965C22311FEA00B22856 /* CategoriesVC.swift in Sources */ = {isa = PBXBuildFile; fileRef = 8409965B22311FEA00B22856 /* CategoriesVC.swift */; };
		8409965F22311FEA00B22856 /* Main.storyboard in Resources */ = {isa = PBXBuildFile; fileRef = 8409965D22311FEA00B22856 /* Main.storyboard */; };
		8409966122311FED00B22856 /* Assets.xcassets in Resources */ = {isa = PBXBuildFile; fileRef = 8409966022311FED00B22856 /* Assets.xcassets */; };
		8409966422311FED00B22856 /* LaunchScreen.storyboard in Resources */ = {isa = PBXBuildFile; fileRef = 8409966222311FED00B22856 /* LaunchScreen.storyboard */; };
		8409966F22311FED00B22856 /* CoderSwagTests.swift in Sources */ = {isa = PBXBuildFile; fileRef = 8409966E22311FED00B22856 /* CoderSwagTests.swift */; };
		8409967D22312A0200B22856 /* CatogeryCell.swift in Sources */ = {isa = PBXBuildFile; fileRef = 8409967C22312A0200B22856 /* CatogeryCell.swift */; };
		8409967F22314DAB00B22856 /* ProductCollectionViewCell.swift in Sources */ = {isa = PBXBuildFile; fileRef = 8409967E22314DAB00B22856 /* ProductCollectionViewCell.swift */; };
		840CCFEA22318B4C001F2A3D /* Category.swift in Sources */ = {isa = PBXBuildFile; fileRef = 840CCFE922318B4C001F2A3D /* Category.swift */; };
		840CCFED22318DF4001F2A3D /* DataServices.swift in Sources */ = {isa = PBXBuildFile; fileRef = 840CCFEC22318DF4001F2A3D /* DataServices.swift */; };
		840CCFEF2231A460001F2A3D /* Product.swift in Sources */ = {isa = PBXBuildFile; fileRef = 840CCFEE2231A460001F2A3D /* Product.swift */; };
/* End PBXBuildFile section */

/* Begin PBXContainerItemProxy section */
		8409966B22311FED00B22856 /* PBXContainerItemProxy */ = {
			isa = PBXContainerItemProxy;
			containerPortal = 8409964E22311FEA00B22856 /* Project object */;
			proxyType = 1;
			remoteGlobalIDString = 8409965522311FEA00B22856;
			remoteInfo = CoderSwag;
		};
/* End PBXContainerItemProxy section */

/* Begin PBXFileReference section */
		8409965622311FEA00B22856 /* CoderSwag.app */ = {isa = PBXFileReference; explicitFileType = wrapper.application; includeInIndex = 0; path = CoderSwag.app; sourceTree = BUILT_PRODUCTS_DIR; };
		8409965922311FEA00B22856 /* AppDelegate.swift */ = {isa = PBXFileReference; lastKnownFileType = sourcecode.swift; path = AppDelegate.swift; sourceTree = "<group>"; };
		8409965B22311FEA00B22856 /* CategoriesVC.swift */ = {isa = PBXFileReference; lastKnownFileType = sourcecode.swift; path = CategoriesVC.swift; sourceTree = "<group>"; };
		8409965E22311FEA00B22856 /* Base */ = {isa = PBXFileReference; lastKnownFileType = file.storyboard; name = Base; path = Base.lproj/Main.storyboard; sourceTree = "<group>"; };
		8409966022311FED00B22856 /* Assets.xcassets */ = {isa = PBXFileReference; lastKnownFileType = folder.assetcatalog; path = Assets.xcassets; sourceTree = "<group>"; };
		8409966322311FED00B22856 /* Base */ = {isa = PBXFileReference; lastKnownFileType = file.storyboard; name = Base; path = Base.lproj/LaunchScreen.storyboard; sourceTree = "<group>"; };
		8409966522311FED00B22856 /* Info.plist */ = {isa = PBXFileReference; lastKnownFileType = text.plist.xml; path = Info.plist; sourceTree = "<group>"; };
		8409966A22311FED00B22856 /* CoderSwagTests.xctest */ = {isa = PBXFileReference; explicitFileType = wrapper.cfbundle; includeInIndex = 0; path = CoderSwagTests.xctest; sourceTree = BUILT_PRODUCTS_DIR; };
		8409966E22311FED00B22856 /* CoderSwagTests.swift */ = {isa = PBXFileReference; lastKnownFileType = sourcecode.swift; path = CoderSwagTests.swift; sourceTree = "<group>"; };
		8409967022311FED00B22856 /* Info.plist */ = {isa = PBXFileReference; lastKnownFileType = text.plist.xml; path = Info.plist; sourceTree = "<group>"; };
		8409967C22312A0200B22856 /* CatogeryCell.swift */ = {isa = PBXFileReference; lastKnownFileType = sourcecode.swift; path = CatogeryCell.swift; sourceTree = "<group>"; };
		8409967E22314DAB00B22856 /* ProductCollectionViewCell.swift */ = {isa = PBXFileReference; lastKnownFileType = sourcecode.swift; path = ProductCollectionViewCell.swift; sourceTree = "<group>"; };
		840CCFE922318B4C001F2A3D /* Category.swift */ = {isa = PBXFileReference; lastKnownFileType = sourcecode.swift; path = Category.swift; sourceTree = "<group>"; };
		840CCFEC22318DF4001F2A3D /* DataServices.swift */ = {isa = PBXFileReference; lastKnownFileType = sourcecode.swift; path = DataServices.swift; sourceTree = "<group>"; };
		840CCFEE2231A460001F2A3D /* Product.swift */ = {isa = PBXFileReference; lastKnownFileType = sourcecode.swift; path = Product.swift; sourceTree = "<group>"; };
/* End PBXFileReference section */

/* Begin PBXFrameworksBuildPhase section */
		8409965322311FEA00B22856 /* Frameworks */ = {
			isa = PBXFrameworksBuildPhase;
			buildActionMask = 2147483647;
			files = (
			);
			runOnlyForDeploymentPostprocessing = 0;
		};
		8409966722311FED00B22856 /* Frameworks */ = {
			isa = PBXFrameworksBuildPhase;
			buildActionMask = 2147483647;
			files = (
			);
			runOnlyForDeploymentPostprocessing = 0;
		};
/* End PBXFrameworksBuildPhase section */

/* Begin PBXGroup section */
		8409964D22311FEA00B22856 = {
			isa = PBXGroup;
			children = (
				8409965822311FEA00B22856 /* CoderSwag */,
				8409966D22311FED00B22856 /* CoderSwagTests */,
				8409965722311FEA00B22856 /* Products */,
			);
			sourceTree = "<group>";
		};
		8409965722311FEA00B22856 /* Products */ = {
			isa = PBXGroup;
			children = (
				8409965622311FEA00B22856 /* CoderSwag.app */,
				8409966A22311FED00B22856 /* CoderSwagTests.xctest */,
			);
			name = Products;
			sourceTree = "<group>";
		};
		8409965822311FEA00B22856 /* CoderSwag */ = {
			isa = PBXGroup;
			children = (
				840CCFEB22318DDE001F2A3D /* Services */,
				840996792231298900B22856 /* Model */,
				8409967A2231299000B22856 /* View */,
				8409967B223129A100B22856 /* controller */,
				8409965922311FEA00B22856 /* AppDelegate.swift */,
				8409965D22311FEA00B22856 /* Main.storyboard */,
				8409966022311FED00B22856 /* Assets.xcassets */,
				8409966222311FED00B22856 /* LaunchScreen.storyboard */,
				8409966522311FED00B22856 /* Info.plist */,
			);
			path = CoderSwag;
			sourceTree = "<group>";
		};
		8409966D22311FED00B22856 /* CoderSwagTests */ = {
			isa = PBXGroup;
			children = (
				8409966E22311FED00B22856 /* CoderSwagTests.swift */,
				8409967022311FED00B22856 /* Info.plist */,
			);
			path = CoderSwagTests;
			sourceTree = "<group>";
		};
		840996792231298900B22856 /* Model */ = {
			isa = PBXGroup;
			children = (
				840CCFE922318B4C001F2A3D /* Category.swift */,
				840CCFEE2231A460001F2A3D /* Product.swift */,
			);
			path = Model;
			sourceTree = "<group>";
		};
		8409967A2231299000B22856 /* View */ = {
			isa = PBXGroup;
			children = (
				8409967C22312A0200B22856 /* CatogeryCell.swift */,
				8409967E22314DAB00B22856 /* ProductCollectionViewCell.swift */,
			);
			path = View;
			sourceTree = "<group>";
		};
		8409967B223129A100B22856 /* controller */ = {
			isa = PBXGroup;
			children = (
				8409965B22311FEA00B22856 /* CategoriesVC.swift */,
			);
			path = controller;
			sourceTree = "<group>";
		};
		840CCFEB22318DDE001F2A3D /* Services */ = {
			isa = PBXGroup;
			children = (
				840CCFEC22318DF4001F2A3D /* DataServices.swift */,
			);
			path = Services;
			sourceTree = "<group>";
		};
/* End PBXGroup section */

/* Begin PBXNativeTarget section */
		8409965522311FEA00B22856 /* CoderSwag */ = {
			isa = PBXNativeTarget;
			buildConfigurationList = 8409967322311FED00B22856 /* Build configuration list for PBXNativeTarget "CoderSwag" */;
			buildPhases = (
				8409965222311FEA00B22856 /* Sources */,
				8409965322311FEA00B22856 /* Frameworks */,
				8409965422311FEA00B22856 /* Resources */,
			);
			buildRules = (
			);
			dependencies = (
			);
			name = CoderSwag;
			productName = CoderSwag;
			productReference = 8409965622311FEA00B22856 /* CoderSwag.app */;
			productType = "com.apple.product-type.application";
		};
		8409966922311FED00B22856 /* CoderSwagTests */ = {
			isa = PBXNativeTarget;
			buildConfigurationList = 8409967622311FED00B22856 /* Build configuration list for PBXNativeTarget "CoderSwagTests" */;
			buildPhases = (
				8409966622311FED00B22856 /* Sources */,
				8409966722311FED00B22856 /* Frameworks */,
				8409966822311FED00B22856 /* Resources */,
			);
			buildRules = (
			);
			dependencies = (
				8409966C22311FED00B22856 /* PBXTargetDependency */,
			);
			name = CoderSwagTests;
			productName = CoderSwagTests;
			productReference = 8409966A22311FED00B22856 /* CoderSwagTests.xctest */;
			productType = "com.apple.product-type.bundle.unit-test";
		};
/* End PBXNativeTarget section */

/* Begin PBXProject section */
		8409964E22311FEA00B22856 /* Project object */ = {
			isa = PBXProject;
			attributes = {
				LastSwiftUpdateCheck = 1010;
				LastUpgradeCheck = 1010;
				ORGANIZATIONNAME = NanoSoft;
				TargetAttributes = {
					8409965522311FEA00B22856 = {
						CreatedOnToolsVersion = 10.1;
					};
					8409966922311FED00B22856 = {
						CreatedOnToolsVersion = 10.1;
						TestTargetID = 8409965522311FEA00B22856;
					};
				};
			};
			buildConfigurationList = 8409965122311FEA00B22856 /* Build configuration list for PBXProject "CoderSwag" */;
			compatibilityVersion = "Xcode 9.3";
			developmentRegion = en;
			hasScannedForEncodings = 0;
			knownRegions = (
				en,
				Base,
			);
			mainGroup = 8409964D22311FEA00B22856;
			productRefGroup = 8409965722311FEA00B22856 /* Products */;
			projectDirPath = "";
			projectRoot = "";
			targets = (
				8409965522311FEA00B22856 /* CoderSwag */,
				8409966922311FED00B22856 /* CoderSwagTests */,
			);
		};
/* End PBXProject section */

/* Begin PBXResourcesBuildPhase section */
		8409965422311FEA00B22856 /* Resources */ = {
			isa = PBXResourcesBuildPhase;
			buildActionMask = 2147483647;
			files = (
				8409966422311FED00B22856 /* LaunchScreen.storyboard in Resources */,
				8409966122311FED00B22856 /* Assets.xcassets in Resources */,
				8409965F22311FEA00B22856 /* Main.storyboard in Resources */,
			);
			runOnlyForDeploymentPostprocessing = 0;
		};
		8409966822311FED00B22856 /* Resources */ = {
			isa = PBXResourcesBuildPhase;
			buildActionMask = 2147483647;
			files = (
			);
			runOnlyForDeploymentPostprocessing = 0;
		};
/* End PBXResourcesBuildPhase section */

/* Begin PBXSourcesBuildPhase section */
		8409965222311FEA00B22856 /* Sources */ = {
			isa = PBXSourcesBuildPhase;
			buildActionMask = 2147483647;
			files = (
				8409967D22312A0200B22856 /* CatogeryCell.swift in Sources */,
				840CCFEA22318B4C001F2A3D /* Category.swift in Sources */,
				8409965C22311FEA00B22856 /* CategoriesVC.swift in Sources */,
				840CCFEF2231A460001F2A3D /* Product.swift in Sources */,
				840CCFED22318DF4001F2A3D /* DataServices.swift in Sources */,
				8409967F22314DAB00B22856 /* ProductCollectionViewCell.swift in Sources */,
				8409965A22311FEA00B22856 /* AppDelegate.swift in Sources */,
			);
			runOnlyForDeploymentPostprocessing = 0;
		};
		8409966622311FED00B22856 /* Sources */ = {
			isa = PBXSourcesBuildPhase;
			buildActionMask = 2147483647;
			files = (
				8409966F22311FED00B22856 /* CoderSwagTests.swift in Sources */,
			);
			runOnlyForDeploymentPostprocessing = 0;
		};
/* End PBXSourcesBuildPhase section */

/* Begin PBXTargetDependency section */
		8409966C22311FED00B22856 /* PBXTargetDependency */ = {
			isa = PBXTargetDependency;
			target = 8409965522311FEA00B22856 /* CoderSwag */;
			targetProxy = 8409966B22311FED00B22856 /* PBXContainerItemProxy */;
		};
/* End PBXTargetDependency section */

/* Begin PBXVariantGroup section */
		8409965D22311FEA00B22856 /* Main.storyboard */ = {
			isa = PBXVariantGroup;
			children = (
				8409965E22311FEA00B22856 /* Base */,
			);
			name = Main.storyboard;
			sourceTree = "<group>";
		};
		8409966222311FED00B22856 /* LaunchScreen.storyboard */ = {
			isa = PBXVariantGroup;
			children = (
				8409966322311FED00B22856 /* Base */,
			);
			name = LaunchScreen.storyboard;
			sourceTree = "<group>";
		};
/* End PBXVariantGroup section */

/* Begin XCBuildConfiguration section */
		8409967122311FED00B22856 /* Debug */ = {
			isa = XCBuildConfiguration;
			buildSettings = {
				ALWAYS_SEARCH_USER_PATHS = NO;
				CLANG_ANALYZER_NONNULL = YES;
				CLANG_ANALYZER_NUMBER_OBJECT_CONVERSION = YES_AGGRESSIVE;
				CLANG_CXX_LANGUAGE_STANDARD = "gnu++14";
				CLANG_CXX_LIBRARY = "libc++";
				CLANG_ENABLE_MODULES = YES;
				CLANG_ENABLE_OBJC_ARC = YES;
				CLANG_ENABLE_OBJC_WEAK = YES;
				CLANG_WARN_BLOCK_CAPTURE_AUTORELEASING = YES;
				CLANG_WARN_BOOL_CONVERSION = YES;
				CLANG_WARN_COMMA = YES;
				CLANG_WARN_CONSTANT_CONVERSION = YES;
				CLANG_WARN_DEPRECATED_OBJC_IMPLEMENTATIONS = YES;
				CLANG_WARN_DIRECT_OBJC_ISA_USAGE = YES_ERROR;
				CLANG_WARN_DOCUMENTATION_COMMENTS = YES;
				CLANG_WARN_EMPTY_BODY = YES;
				CLANG_WARN_ENUM_CONVERSION = YES;
				CLANG_WARN_INFINITE_RECURSION = YES;
				CLANG_WARN_INT_CONVERSION = YES;
				CLANG_WARN_NON_LITERAL_NULL_CONVERSION = YES;
				CLANG_WARN_OBJC_IMPLICIT_RETAIN_SELF = YES;
				CLANG_WARN_OBJC_LITERAL_CONVERSION = YES;
				CLANG_WARN_OBJC_ROOT_CLASS = YES_ERROR;
				CLANG_WARN_RANGE_LOOP_ANALYSIS = YES;
				CLANG_WARN_STRICT_PROTOTYPES = YES;
				CLANG_WARN_SUSPICIOUS_MOVE = YES;
				CLANG_WARN_UNGUARDED_AVAILABILITY = YES_AGGRESSIVE;
				CLANG_WARN_UNREACHABLE_CODE = YES;
				CLANG_WARN__DUPLICATE_METHOD_MATCH = YES;
				CODE_SIGN_IDENTITY = "iPhone Developer";
				COPY_PHASE_STRIP = NO;
				DEBUG_INFORMATION_FORMAT = dwarf;
				ENABLE_STRICT_OBJC_MSGSEND = YES;
				ENABLE_TESTABILITY = YES;
				GCC_C_LANGUAGE_STANDARD = gnu11;
				GCC_DYNAMIC_NO_PIC = NO;
				GCC_NO_COMMON_BLOCKS = YES;
				GCC_OPTIMIZATION_LEVEL = 0;
				GCC_PREPROCESSOR_DEFINITIONS = (
					"DEBUG=1",
					"$(inherited)",
				);
				GCC_WARN_64_TO_32_BIT_CONVERSION = YES;
				GCC_WARN_ABOUT_RETURN_TYPE = YES_ERROR;
				GCC_WARN_UNDECLARED_SELECTOR = YES;
				GCC_WARN_UNINITIALIZED_AUTOS = YES_AGGRESSIVE;
				GCC_WARN_UNUSED_FUNCTION = YES;
				GCC_WARN_UNUSED_VARIABLE = YES;
				IPHONEOS_DEPLOYMENT_TARGET = 12.1;
				MTL_ENABLE_DEBUG_INFO = INCLUDE_SOURCE;
				MTL_FAST_MATH = YES;
				ONLY_ACTIVE_ARCH = YES;
				SDKROOT = iphoneos;
				SWIFT_ACTIVE_COMPILATION_CONDITIONS = DEBUG;
				SWIFT_OPTIMIZATION_LEVEL = "-Onone";
			};
			name = Debug;
		};
		8409967222311FED00B22856 /* Release */ = {
			isa = XCBuildConfiguration;
			buildSettings = {
				ALWAYS_SEARCH_USER_PATHS = NO;
				CLANG_ANALYZER_NONNULL = YES;
				CLANG_ANALYZER_NUMBER_OBJECT_CONVERSION = YES_AGGRESSIVE;
				CLANG_CXX_LANGUAGE_STANDARD = "gnu++14";
				CLANG_CXX_LIBRARY = "libc++";
				CLANG_ENABLE_MODULES = YES;
				CLANG_ENABLE_OBJC_ARC = YES;
				CLANG_ENABLE_OBJC_WEAK = YES;
				CLANG_WARN_BLOCK_CAPTURE_AUTORELEASING = YES;
				CLANG_WARN_BOOL_CONVERSION = YES;
				CLANG_WARN_COMMA = YES;
				CLANG_WARN_CONSTANT_CONVERSION = YES;
				CLANG_WARN_DEPRECATED_OBJC_IMPLEMENTATIONS = YES;
				CLANG_WARN_DIRECT_OBJC_ISA_USAGE = YES_ERROR;
				CLANG_WARN_DOCUMENTATION_COMMENTS = YES;
				CLANG_WARN_EMPTY_BODY = YES;
				CLANG_WARN_ENUM_CONVERSION = YES;
				CLANG_WARN_INFINITE_RECURSION = YES;
				CLANG_WARN_INT_CONVERSION = YES;
				CLANG_WARN_NON_LITERAL_NULL_CONVERSION = YES;
				CLANG_WARN_OBJC_IMPLICIT_RETAIN_SELF = YES;
				CLANG_WARN_OBJC_LITERAL_CONVERSION = YES;
				CLANG_WARN_OBJC_ROOT_CLASS = YES_ERROR;
				CLANG_WARN_RANGE_LOOP_ANALYSIS = YES;
				CLANG_WARN_STRICT_PROTOTYPES = YES;
				CLANG_WARN_SUSPICIOUS_MOVE = YES;
				CLANG_WARN_UNGUARDED_AVAILABILITY = YES_AGGRESSIVE;
				CLANG_WARN_UNREACHABLE_CODE = YES;
				CLANG_WARN__DUPLICATE_METHOD_MATCH = YES;
				CODE_SIGN_IDENTITY = "iPhone Developer";
				COPY_PHASE_STRIP = NO;
				DEBUG_INFORMATION_FORMAT = "dwarf-with-dsym";
				ENABLE_NS_ASSERTIONS = NO;
				ENABLE_STRICT_OBJC_MSGSEND = YES;
				GCC_C_LANGUAGE_STANDARD = gnu11;
				GCC_NO_COMMON_BLOCKS = YES;
				GCC_WARN_64_TO_32_BIT_CONVERSION = YES;
				GCC_WARN_ABOUT_RETURN_TYPE = YES_ERROR;
				GCC_WARN_UNDECLARED_SELECTOR = YES;
				GCC_WARN_UNINITIALIZED_AUTOS = YES_AGGRESSIVE;
				GCC_WARN_UNUSED_FUNCTION = YES;
				GCC_WARN_UNUSED_VARIABLE = YES;
				IPHONEOS_DEPLOYMENT_TARGET = 12.1;
				MTL_ENABLE_DEBUG_INFO = NO;
				MTL_FAST_MATH = YES;
				SDKROOT = iphoneos;
				SWIFT_COMPILATION_MODE = wholemodule;
				SWIFT_OPTIMIZATION_LEVEL = "-O";
				VALIDATE_PRODUCT = YES;
			};
			name = Release;
		};
		8409967422311FED00B22856 /* Debug */ = {
			isa = XCBuildConfiguration;
			buildSettings = {
				ASSETCATALOG_COMPILER_APPICON_NAME = AppIcon;
				CODE_SIGN_STYLE = Automatic;
				DEVELOPMENT_TEAM = T3NK7U77Q3;
				INFOPLIST_FILE = CoderSwag/Info.plist;
				LD_RUNPATH_SEARCH_PATHS = (
					"$(inherited)",
					"@executable_path/Frameworks",
				);
				PRODUCT_BUNDLE_IDENTIFIER = com.nanosoft.CoderSwag;
				PRODUCT_NAME = "$(TARGET_NAME)";
				SWIFT_VERSION = 4.2;
				TARGETED_DEVICE_FAMILY = "1,2";
			};
			name = Debug;
		};
		8409967522311FED00B22856 /* Release */ = {
			isa = XCBuildConfiguration;
			buildSettings = {
				ASSETCATALOG_COMPILER_APPICON_NAME = AppIcon;
				CODE_SIGN_STYLE = Automatic;
				DEVELOPMENT_TEAM = T3NK7U77Q3;
				INFOPLIST_FILE = CoderSwag/Info.plist;
				LD_RUNPATH_SEARCH_PATHS = (
					"$(inherited)",
					"@executable_path/Frameworks",
				);
				PRODUCT_BUNDLE_IDENTIFIER = com.nanosoft.CoderSwag;
				PRODUCT_NAME = "$(TARGET_NAME)";
				SWIFT_VERSION = 4.2;
				TARGETED_DEVICE_FAMILY = "1,2";
			};
			name = Release;
		};
		8409967722311FED00B22856 /* Debug */ = {
			isa = XCBuildConfiguration;
			buildSettings = {
				ALWAYS_EMBED_SWIFT_STANDARD_LIBRARIES = YES;
				BUNDLE_LOADER = "$(TEST_HOST)";
				CODE_SIGN_STYLE = Automatic;
				DEVELOPMENT_TEAM = T3NK7U77Q3;
				INFOPLIST_FILE = CoderSwagTests/Info.plist;
				LD_RUNPATH_SEARCH_PATHS = (
					"$(inherited)",
					"@executable_path/Frameworks",
					"@loader_path/Frameworks",
				);
				PRODUCT_BUNDLE_IDENTIFIER = com.nanosoft.CoderSwagTests;
				PRODUCT_NAME = "$(TARGET_NAME)";
				SWIFT_VERSION = 4.2;
				TARGETED_DEVICE_FAMILY = "1,2";
				TEST_HOST = "$(BUILT_PRODUCTS_DIR)/CoderSwag.app/CoderSwag";
			};
			name = Debug;
		};
		8409967822311FED00B22856 /* Release */ = {
			isa = XCBuildConfiguration;
			buildSettings = {
				ALWAYS_EMBED_SWIFT_STANDARD_LIBRARIES = YES;
				BUNDLE_LOADER = "$(TEST_HOST)";
				CODE_SIGN_STYLE = Automatic;
				DEVELOPMENT_TEAM = T3NK7U77Q3;
				INFOPLIST_FILE = CoderSwagTests/Info.plist;
				LD_RUNPATH_SEARCH_PATHS = (
					"$(inherited)",
					"@executable_path/Frameworks",
					"@loader_path/Frameworks",
				);
				PRODUCT_BUNDLE_IDENTIFIER = com.nanosoft.CoderSwagTests;
				PRODUCT_NAME = "$(TARGET_NAME)";
				SWIFT_VERSION = 4.2;
				TARGETED_DEVICE_FAMILY = "1,2";
				TEST_HOST = "$(BUILT_PRODUCTS_DIR)/CoderSwag.app/CoderSwag";
			};
			name = Release;
		};
/* End XCBuildConfiguration section */

/* Begin XCConfigurationList section */
		8409965122311FEA00B22856 /* Build configuration list for PBXProject "CoderSwag" */ = {
			isa = XCConfigurationList;
			buildConfigurations = (
				8409967122311FED00B22856 /* Debug */,
				8409967222311FED00B22856 /* Release */,
			);
			defaultConfigurationIsVisible = 0;
			defaultConfigurationName = Release;
		};
		8409967322311FED00B22856 /* Build configuration list for PBXNativeTarget "CoderSwag" */ = {
			isa = XCConfigurationList;
			buildConfigurations = (
				8409967422311FED00B22856 /* Debug */,
				8409967522311FED00B22856 /* Release */,
			);
			defaultConfigurationIsVisible = 0;
			defaultConfigurationName = Release;
		};
		8409967622311FED00B22856 /* Build configuration list for PBXNativeTarget "CoderSwagTests" */ = {
			isa = XCConfigurationList;
			buildConfigurations = (
				8409967722311FED00B22856 /* Debug */,
				8409967822311FED00B22856 /* Release */,
			);
			defaultConfigurationIsVisible = 0;
			defaultConfigurationName = Release;
		};
/* End XCConfigurationList section */
	};
	rootObject = 8409964E22311FEA00B22856 /* Project object */;
}
